
Microsoft Visual Studio Solution File, Format Version 12.00
# Visual Studio Version 16
VisualStudioVersion = 16.0.33130.400
MinimumVisualStudioVersion = 10.0.40219.1
Project("{8BC9CEB8-8B4A-11D0-8D11-00A0C91BC942}") = "OpenSiv3_WebGame", "OpenSiv3_WebGame.vcxproj", "{0C92EB34-774F-4EFF-8342-160D32F8D9FD}"
EndProject
Global
	GlobalSection(SolutionConfigurationPlatforms) = preSolution
		Debug|Emscripten = Debug|Emscripten
		Release|Emscripten = Release|Emscripten
	EndGlobalSection
	GlobalSection(ProjectConfigurationPlatforms) = postSolution
		{0C92EB34-774F-4EFF-8342-160D32F8D9FD}.Debug|Emscripten.ActiveCfg = Debug|Emscripten
		{0C92EB34-774F-4EFF-8342-160D32F8D9FD}.Debug|Emscripten.Build.0 = Debug|Emscripten
		{0C92EB34-774F-4EFF-8342-160D32F8D9FD}.Release|Emscripten.ActiveCfg = Debug|Emscripten
		{0C92EB34-774F-4EFF-8342-160D32F8D9FD}.Release|Emscripten.Build.0 = Debug|Emscripten
	EndGlobalSection
	GlobalSection(SolutionProperties) = preSolution
		HideSolutionNode = FALSE
	EndGlobalSection
	GlobalSection(ExtensibilityGlobals) = postSolution
		SolutionGuid = {6414486E-97FA-42A8-8F55-F7A48481B29D}
	EndGlobalSection
EndGlobal
